{
  "version": 4,
  "terraform_version": "1.9.8",
  "serial": 20,
  "lineage": "de6a5122-ecc6-3962-5500-0c8497512168",
  "outputs": {
    "eks_cluster_certificate_authority": {
      "value": "LS0tLS1CRUdJTiBDRVJUSUZJQ0FURS0tLS0tCk1JSURCVENDQWUyZ0F3SUJBZ0lJTG1MSkRGS3d1Njh3RFFZSktvWklodmNOQVFFTEJRQXdGVEVUTUJFR0ExVUUKQXhNS2EzVmlaWEp1WlhSbGN6QWVGdzB5TlRBMk1UZ3hNalEwTXpaYUZ3MHpOVEEyTVRZeE1qUTVNelphTUJVeApFekFSQmdOVkJBTVRDbXQxWW1WeWJtVjBaWE13Z2dFaU1BMEdDU3FHU0liM0RRRUJBUVVBQTRJQkR3QXdnZ0VLCkFvSUJBUUNzR2h4eTVFcFBaOWJBN2F0Y1dubUR1aXZHRngwNHBKOFZvelVGMkdtS3ZsakJmUUVneDBscm5LWFUKdHI1Ymw2NHdBdU95K2hFUmhaQjFHdFd0S0tXemNzQml5cjdxQWNNbUhFbUF2MmRaZVBRaFNXVjBPcGY4RlErcgpvbUpmeURJamxBUkdLcnlVSzRTYmVSZTNYQVBnTFNNMFVFc2VGRHhuWEgxMW1VOVkzYVExSmJReks1OUtSeUNyCmhENmtyS1Rrd2dLWVB4MkJDaVFHMDlwd0ppUnNHVmkyNUE1Z1ZZSk10MGg3dVh6WklTRUs1UEJkNnNOUkxHM0wKT285SHZ0UldvNC9GQUZYSFFnUkR1U2NDK2J6WUFPZytWNFpHdXZ4TEJsWW5sQjFtcG9wNTRaS3g3TXNra1Y3NApLWUE2Y24zMnlGYkgxL0RWenNiZzRmTERLOTAzQWdNQkFBR2pXVEJYTUE0R0ExVWREd0VCL3dRRUF3SUNwREFQCkJnTlZIUk1CQWY4RUJUQURBUUgvTUIwR0ExVWREZ1FXQkJUQWNCUHgwT05wRUdGd3ovREhrRzhscmxvNmZUQVYKQmdOVkhSRUVEakFNZ2dwcmRXSmxjbTVsZEdWek1BMEdDU3FHU0liM0RRRUJDd1VBQTRJQkFRQi9DRnNlU2NHdAorbmE2V1N4Vk5RRHpzRklrRytGdWJOdzhkVHZWOGxhOW1ndkYvZCtxNlY4V0V4MGwwSXRlNUlKK2laekxjZUE5ClJkcWY3UDBnOHh3cXpEL0oxNm1Ucm9OSmN2TzhXSGRsdm5oM3FrOG1SN3JxTUlYRGhpb24vV1k4VjIzWVdFK08KSjlxTVVqOHFmK0NmYWI5MEo1cUpkWU5sRjZvMGh1VnhrcmZ0MW15VWt6a3ZzZzU2OTRMN3p6dWRZaVQ0a3hDRApmNnREYWZzOFVRazNnWEE0bkQxdnZSMTMrVU8xTm1oNDRwc0cxaUdVVjJ6a2NqZmFhWDFTVkx1QTUvRWRRT09FCkE3U3h4bzlyTklFbWlXQkpkblB4ZUJIWU9razNHVjN3d0EwWS9Dc3dlTnpBeFlTR0UrNGFtUWU4dzBQMU1DZlkKeHZGeWN5dWRwNUs2Ci0tLS0tRU5EIENFUlRJRklDQVRFLS0tLS0K",
      "type": "string"
    },
    "eks_cluster_endpoint": {
      "value": "https://AE7A3752BA79720B9986A4C315BC73C1.gr7.us-east-1.eks.amazonaws.com",
      "type": "string"
    },
    "eks_cluster_name": {
      "value": "exam_eks",
      "type": "string"
    },
    "eks_cluster_role_arn": {
      "value": "arn:aws:iam::866934333672:role/exam-cluster-role",
      "type": "string"
    },
    "eks_node_group_role_arn": {
      "value": "arn:aws:iam::866934333672:role/exam-node-group-role",
      "type": "string"
    },
    "security_group_cluster_id": {
      "value": "sg-0bdeca275d11163c3",
      "type": "string"
    },
    "security_group_node_id": {
      "value": "sg-05dba5c4a9a5e62fd",
      "type": "string"
    },
    "subnet_ids": {
      "value": [
        "subnet-0d218c7453a0b4ed5",
        "subnet-07b4da8558caddde7"
      ],
      "type": [
        "tuple",
        [
          "string",
          "string"
        ]
      ]
    },
    "vpc_id": {
      "value": "vpc-093f69f478d30cd0b",
      "type": "string"
    }
  },
  "resources": [
    {
      "mode": "managed",
      "type": "aws_eks_cluster",
      "name": "exam_eks",
      "provider": "provider[\"registry.terraform.io/hashicorp/aws\"]",
      "instances": [
        {
          "schema_version": 1,
          "attributes": {
            "access_config": [
              {
                "authentication_mode": "CONFIG_MAP",
                "bootstrap_cluster_creator_admin_permissions": true
              }
            ],
            "arn": "arn:aws:eks:us-east-1:866934333672:cluster/exam_eks",
            "bootstrap_self_managed_addons": true,
            "certificate_authority": [
              {
                "data": "LS0tLS1CRUdJTiBDRVJUSUZJQ0FURS0tLS0tCk1JSURCVENDQWUyZ0F3SUJBZ0lJTG1MSkRGS3d1Njh3RFFZSktvWklodmNOQVFFTEJRQXdGVEVUTUJFR0ExVUUKQXhNS2EzVmlaWEp1WlhSbGN6QWVGdzB5TlRBMk1UZ3hNalEwTXpaYUZ3MHpOVEEyTVRZeE1qUTVNelphTUJVeApFekFSQmdOVkJBTVRDbXQxWW1WeWJtVjBaWE13Z2dFaU1BMEdDU3FHU0liM0RRRUJBUVVBQTRJQkR3QXdnZ0VLCkFvSUJBUUNzR2h4eTVFcFBaOWJBN2F0Y1dubUR1aXZHRngwNHBKOFZvelVGMkdtS3ZsakJmUUVneDBscm5LWFUKdHI1Ymw2NHdBdU95K2hFUmhaQjFHdFd0S0tXemNzQml5cjdxQWNNbUhFbUF2MmRaZVBRaFNXVjBPcGY4RlErcgpvbUpmeURJamxBUkdLcnlVSzRTYmVSZTNYQVBnTFNNMFVFc2VGRHhuWEgxMW1VOVkzYVExSmJReks1OUtSeUNyCmhENmtyS1Rrd2dLWVB4MkJDaVFHMDlwd0ppUnNHVmkyNUE1Z1ZZSk10MGg3dVh6WklTRUs1UEJkNnNOUkxHM0wKT285SHZ0UldvNC9GQUZYSFFnUkR1U2NDK2J6WUFPZytWNFpHdXZ4TEJsWW5sQjFtcG9wNTRaS3g3TXNra1Y3NApLWUE2Y24zMnlGYkgxL0RWenNiZzRmTERLOTAzQWdNQkFBR2pXVEJYTUE0R0ExVWREd0VCL3dRRUF3SUNwREFQCkJnTlZIUk1CQWY4RUJUQURBUUgvTUIwR0ExVWREZ1FXQkJUQWNCUHgwT05wRUdGd3ovREhrRzhscmxvNmZUQVYKQmdOVkhSRUVEakFNZ2dwcmRXSmxjbTVsZEdWek1BMEdDU3FHU0liM0RRRUJDd1VBQTRJQkFRQi9DRnNlU2NHdAorbmE2V1N4Vk5RRHpzRklrRytGdWJOdzhkVHZWOGxhOW1ndkYvZCtxNlY4V0V4MGwwSXRlNUlKK2laekxjZUE5ClJkcWY3UDBnOHh3cXpEL0oxNm1Ucm9OSmN2TzhXSGRsdm5oM3FrOG1SN3JxTUlYRGhpb24vV1k4VjIzWVdFK08KSjlxTVVqOHFmK0NmYWI5MEo1cUpkWU5sRjZvMGh1VnhrcmZ0MW15VWt6a3ZzZzU2OTRMN3p6dWRZaVQ0a3hDRApmNnREYWZzOFVRazNnWEE0bkQxdnZSMTMrVU8xTm1oNDRwc0cxaUdVVjJ6a2NqZmFhWDFTVkx1QTUvRWRRT09FCkE3U3h4bzlyTklFbWlXQkpkblB4ZUJIWU9razNHVjN3d0EwWS9Dc3dlTnpBeFlTR0UrNGFtUWU4dzBQMU1DZlkKeHZGeWN5dWRwNUs2Ci0tLS0tRU5EIENFUlRJRklDQVRFLS0tLS0K"
              }
            ],
            "cluster_id": null,
            "compute_config": [],
            "created_at": "2025-06-18T12:44:49Z",
            "enabled_cluster_log_types": [],
            "encryption_config": [],
            "endpoint": "https://AE7A3752BA79720B9986A4C315BC73C1.gr7.us-east-1.eks.amazonaws.com",
            "force_update_version": null,
            "id": "exam_eks",
            "identity": [
              {
                "oidc": [
                  {
                    "issuer": "https://oidc.eks.us-east-1.amazonaws.com/id/AE7A3752BA79720B9986A4C315BC73C1"
                  }
                ]
              }
            ],
            "kubernetes_network_config": [
              {
                "elastic_load_balancing": [
                  {
                    "enabled": false
                  }
                ],
                "ip_family": "ipv4",
                "service_ipv4_cidr": "172.20.0.0/16",
                "service_ipv6_cidr": ""
              }
            ],
            "name": "exam_eks",
            "outpost_config": [],
            "platform_version": "eks.12",
            "remote_network_config": [],
            "role_arn": "arn:aws:iam::866934333672:role/exam-cluster-role",
            "status": "ACTIVE",
            "storage_config": [],
            "tags": {},
            "tags_all": {},
            "timeouts": null,
            "upgrade_policy": [
              {
                "support_type": "EXTENDED"
              }
            ],
            "version": "1.32",
            "vpc_config": [
              {
                "cluster_security_group_id": "sg-0876b2eb712f76350",
                "endpoint_private_access": false,
                "endpoint_public_access": true,
                "public_access_cidrs": [
                  "0.0.0.0/0"
                ],
                "security_group_ids": [
                  "sg-0bdeca275d11163c3"
                ],
                "subnet_ids": [
                  "subnet-07b4da8558caddde7",
                  "subnet-0d218c7453a0b4ed5"
                ],
                "vpc_id": "vpc-093f69f478d30cd0b"
              }
            ],
            "zonal_shift_config": []
          },
          "sensitive_attributes": [],
          "private": "eyJlMmJmYjczMC1lY2FhLTExZTYtOGY4OC0zNDM2M2JjN2M0YzAiOnsiY3JlYXRlIjoxODAwMDAwMDAwMDAwLCJkZWxldGUiOjkwMDAwMDAwMDAwMCwidXBkYXRlIjozNjAwMDAwMDAwMDAwfSwic2NoZW1hX3ZlcnNpb24iOiIxIn0=",
          "dependencies": [
            "aws_iam_role.eks_cluster_role",
            "aws_iam_role_policy_attachment.eks_cluster_role_policy",
            "aws_security_group.eks_cluster_sg",
            "aws_subnet.eks_subnet",
            "aws_vpc.eks_vpc"
          ]
        }
      ]
    },
    {
      "mode": "managed",
      "type": "aws_eks_node_group",
      "name": "exam_node_group",
      "provider": "provider[\"registry.terraform.io/hashicorp/aws\"]",
      "instances": [
        {
          "schema_version": 0,
          "attributes": {
            "ami_type": "AL2023_x86_64_STANDARD",
            "arn": "arn:aws:eks:us-east-1:866934333672:nodegroup/exam_eks/exam-node-group/8acbc18d-cb87-9855-ad92-22847a5713e7",
            "capacity_type": "ON_DEMAND",
            "cluster_name": "exam_eks",
            "disk_size": 20,
            "force_update_version": null,
            "id": "exam_eks:exam-node-group",
            "instance_types": [
              "t2.micro"
            ],
            "labels": null,
            "launch_template": [],
            "node_group_name": "exam-node-group",
            "node_group_name_prefix": "",
            "node_repair_config": [],
            "node_role_arn": "arn:aws:iam::866934333672:role/exam-node-group-role",
            "release_version": "1.32.3-20250610",
            "remote_access": [
              {
                "ec2_ssh_key": "exam-ssh-key",
                "source_security_group_ids": [
                  "sg-05dba5c4a9a5e62fd"
                ]
              }
            ],
            "resources": [
              {
                "autoscaling_groups": [
                  {
                    "name": "eks-exam-node-group-8acbc18d-cb87-9855-ad92-22847a5713e7"
                  }
                ],
                "remote_access_security_group_id": "sg-0f1f0b91988007d5b"
              }
            ],
            "scaling_config": [
              {
                "desired_size": 1,
                "max_size": 1,
                "min_size": 1
              }
            ],
            "status": "ACTIVE",
            "subnet_ids": [
              "subnet-07b4da8558caddde7",
              "subnet-0d218c7453a0b4ed5"
            ],
            "tags": null,
            "tags_all": {},
            "taint": [],
            "timeouts": null,
            "update_config": [
              {
                "max_unavailable": 1,
                "max_unavailable_percentage": 0
              }
            ],
            "version": "1.32"
          },
          "sensitive_attributes": [],
          "private": "eyJlMmJmYjczMC1lY2FhLTExZTYtOGY4OC0zNDM2M2JjN2M0YzAiOnsiY3JlYXRlIjozNjAwMDAwMDAwMDAwLCJkZWxldGUiOjM2MDAwMDAwMDAwMDAsInVwZGF0ZSI6MzYwMDAwMDAwMDAwMH19",
          "dependencies": [
            "aws_eks_cluster.exam_eks",
            "aws_iam_role.eks_cluster_role",
            "aws_iam_role.eks_node_group_role",
            "aws_iam_role_policy_attachment.eks_cluster_role_policy",
            "aws_iam_role_policy_attachment.eks_node_group_cni_policy",
            "aws_iam_role_policy_attachment.eks_node_group_registry_policy",
            "aws_iam_role_policy_attachment.eks_node_group_role_policy",
            "aws_security_group.eks_cluster_sg",
            "aws_security_group.eks_node_sg",
            "aws_subnet.eks_subnet",
            "aws_vpc.eks_vpc"
          ]
        }
      ]
    },
    {
      "mode": "managed",
      "type": "aws_iam_role",
      "name": "eks_cluster_role",
      "provider": "provider[\"registry.terraform.io/hashicorp/aws\"]",
      "instances": [
        {
          "schema_version": 0,
          "attributes": {
            "arn": "arn:aws:iam::866934333672:role/exam-cluster-role",
            "assume_role_policy": "{\"Statement\":[{\"Action\":\"sts:AssumeRole\",\"Effect\":\"Allow\",\"Principal\":{\"Service\":\"eks.amazonaws.com\"}}],\"Version\":\"2012-10-17\"}",
            "create_date": "2025-06-18T12:44:34Z",
            "description": "",
            "force_detach_policies": false,
            "id": "exam-cluster-role",
            "inline_policy": [],
            "managed_policy_arns": [
              "arn:aws:iam::aws:policy/AmazonEKSClusterPolicy"
            ],
            "max_session_duration": 3600,
            "name": "exam-cluster-role",
            "name_prefix": "",
            "path": "/",
            "permissions_boundary": "",
            "tags": {},
            "tags_all": {},
            "unique_id": "AROA4TWKQEDUDXUJFLXTA"
          },
          "sensitive_attributes": [],
          "private": "bnVsbA=="
        }
      ]
    },
    {
      "mode": "managed",
      "type": "aws_iam_role",
      "name": "eks_node_group_role",
      "provider": "provider[\"registry.terraform.io/hashicorp/aws\"]",
      "instances": [
        {
          "schema_version": 0,
          "attributes": {
            "arn": "arn:aws:iam::866934333672:role/exam-node-group-role",
            "assume_role_policy": "{\"Statement\":[{\"Action\":\"sts:AssumeRole\",\"Effect\":\"Allow\",\"Principal\":{\"Service\":\"ec2.amazonaws.com\"}}],\"Version\":\"2012-10-17\"}",
            "create_date": "2025-06-18T12:44:34Z",
            "description": "",
            "force_detach_policies": false,
            "id": "exam-node-group-role",
            "inline_policy": [],
            "managed_policy_arns": [
              "arn:aws:iam::aws:policy/AmazonEC2ContainerRegistryReadOnly",
              "arn:aws:iam::aws:policy/AmazonEKSWorkerNodePolicy",
              "arn:aws:iam::aws:policy/AmazonEKS_CNI_Policy"
            ],
            "max_session_duration": 3600,
            "name": "exam-node-group-role",
            "name_prefix": "",
            "path": "/",
            "permissions_boundary": "",
            "tags": {},
            "tags_all": {},
            "unique_id": "AROA4TWKQEDUK72LTYA5K"
          },
          "sensitive_attributes": [],
          "private": "bnVsbA=="
        }
      ]
    },
    {
      "mode": "managed",
      "type": "aws_iam_role_policy_attachment",
      "name": "eks_cluster_role_policy",
      "provider": "provider[\"registry.terraform.io/hashicorp/aws\"]",
      "instances": [
        {
          "schema_version": 0,
          "attributes": {
            "id": "exam-cluster-role-20250618124436078300000003",
            "policy_arn": "arn:aws:iam::aws:policy/AmazonEKSClusterPolicy",
            "role": "exam-cluster-role"
          },
          "sensitive_attributes": [],
          "private": "bnVsbA==",
          "dependencies": [
            "aws_iam_role.eks_cluster_role"
          ]
        }
      ]
    },
    {
      "mode": "managed",
      "type": "aws_iam_role_policy_attachment",
      "name": "eks_node_group_cni_policy",
      "provider": "provider[\"registry.terraform.io/hashicorp/aws\"]",
      "instances": [
        {
          "schema_version": 0,
          "attributes": {
            "id": "exam-node-group-role-20250618124436051900000002",
            "policy_arn": "arn:aws:iam::aws:policy/AmazonEKS_CNI_Policy",
            "role": "exam-node-group-role"
          },
          "sensitive_attributes": [],
          "private": "bnVsbA==",
          "dependencies": [
            "aws_iam_role.eks_node_group_role"
          ]
        }
      ]
    },
    {
      "mode": "managed",
      "type": "aws_iam_role_policy_attachment",
      "name": "eks_node_group_registry_policy",
      "provider": "provider[\"registry.terraform.io/hashicorp/aws\"]",
      "instances": [
        {
          "schema_version": 0,
          "attributes": {
            "id": "exam-node-group-role-20250618124436269900000004",
            "policy_arn": "arn:aws:iam::aws:policy/AmazonEC2ContainerRegistryReadOnly",
            "role": "exam-node-group-role"
          },
          "sensitive_attributes": [],
          "private": "bnVsbA==",
          "dependencies": [
            "aws_iam_role.eks_node_group_role"
          ]
        }
      ]
    },
    {
      "mode": "managed",
      "type": "aws_iam_role_policy_attachment",
      "name": "eks_node_group_role_policy",
      "provider": "provider[\"registry.terraform.io/hashicorp/aws\"]",
      "instances": [
        {
          "schema_version": 0,
          "attributes": {
            "id": "exam-node-group-role-20250618124436008900000001",
            "policy_arn": "arn:aws:iam::aws:policy/AmazonEKSWorkerNodePolicy",
            "role": "exam-node-group-role"
          },
          "sensitive_attributes": [],
          "private": "bnVsbA==",
          "dependencies": [
            "aws_iam_role.eks_node_group_role"
          ]
        }
      ]
    },
    {
      "mode": "managed",
      "type": "aws_internet_gateway",
      "name": "eks_igw",
      "provider": "provider[\"registry.terraform.io/hashicorp/aws\"]",
      "instances": [
        {
          "schema_version": 0,
          "attributes": {
            "arn": "arn:aws:ec2:us-east-1:866934333672:internet-gateway/igw-07fa3b7f2224ef866",
            "id": "igw-07fa3b7f2224ef866",
            "owner_id": "866934333672",
            "tags": {
              "Name": "exam-igw"
            },
            "tags_all": {
              "Name": "exam-igw"
            },
            "timeouts": null,
            "vpc_id": "vpc-093f69f478d30cd0b"
          },
          "sensitive_attributes": [],
          "private": "eyJlMmJmYjczMC1lY2FhLTExZTYtOGY4OC0zNDM2M2JjN2M0YzAiOnsiY3JlYXRlIjoxMjAwMDAwMDAwMDAwLCJkZWxldGUiOjEyMDAwMDAwMDAwMDAsInVwZGF0ZSI6MTIwMDAwMDAwMDAwMH19",
          "dependencies": [
            "aws_vpc.eks_vpc"
          ]
        }
      ]
    },
    {
      "mode": "managed",
      "type": "aws_route_table",
      "name": "eks_route_table",
      "provider": "provider[\"registry.terraform.io/hashicorp/aws\"]",
      "instances": [
        {
          "schema_version": 0,
          "attributes": {
            "arn": "arn:aws:ec2:us-east-1:866934333672:route-table/rtb-07fcf1b1e6a181103",
            "id": "rtb-07fcf1b1e6a181103",
            "owner_id": "866934333672",
            "propagating_vgws": [],
            "route": [
              {
                "carrier_gateway_id": "",
                "cidr_block": "0.0.0.0/0",
                "core_network_arn": "",
                "destination_prefix_list_id": "",
                "egress_only_gateway_id": "",
                "gateway_id": "igw-07fa3b7f2224ef866",
                "ipv6_cidr_block": "",
                "local_gateway_id": "",
                "nat_gateway_id": "",
                "network_interface_id": "",
                "transit_gateway_id": "",
                "vpc_endpoint_id": "",
                "vpc_peering_connection_id": ""
              }
            ],
            "tags": {
              "Name": "exam-route-table"
            },
            "tags_all": {
              "Name": "exam-route-table"
            },
            "timeouts": null,
            "vpc_id": "vpc-093f69f478d30cd0b"
          },
          "sensitive_attributes": [],
          "private": "eyJlMmJmYjczMC1lY2FhLTExZTYtOGY4OC0zNDM2M2JjN2M0YzAiOnsiY3JlYXRlIjozMDAwMDAwMDAwMDAsImRlbGV0ZSI6MzAwMDAwMDAwMDAwLCJ1cGRhdGUiOjEyMDAwMDAwMDAwMH19",
          "dependencies": [
            "aws_internet_gateway.eks_igw",
            "aws_vpc.eks_vpc"
          ]
        }
      ]
    },
    {
      "mode": "managed",
      "type": "aws_route_table_association",
      "name": "eks_rta",
      "provider": "provider[\"registry.terraform.io/hashicorp/aws\"]",
      "instances": [
        {
          "index_key": 0,
          "schema_version": 0,
          "attributes": {
            "gateway_id": "",
            "id": "rtbassoc-06a5d9c2811d59a08",
            "route_table_id": "rtb-07fcf1b1e6a181103",
            "subnet_id": "subnet-0d218c7453a0b4ed5",
            "timeouts": null
          },
          "sensitive_attributes": [],
          "private": "eyJlMmJmYjczMC1lY2FhLTExZTYtOGY4OC0zNDM2M2JjN2M0YzAiOnsiY3JlYXRlIjozMDAwMDAwMDAwMDAsImRlbGV0ZSI6MzAwMDAwMDAwMDAwLCJ1cGRhdGUiOjEyMDAwMDAwMDAwMH19",
          "dependencies": [
            "aws_internet_gateway.eks_igw",
            "aws_route_table.eks_route_table",
            "aws_subnet.eks_subnet",
            "aws_vpc.eks_vpc"
          ]
        },
        {
          "index_key": 1,
          "schema_version": 0,
          "attributes": {
            "gateway_id": "",
            "id": "rtbassoc-03ac9c7343a325488",
            "route_table_id": "rtb-07fcf1b1e6a181103",
            "subnet_id": "subnet-07b4da8558caddde7",
            "timeouts": null
          },
          "sensitive_attributes": [],
          "private": "eyJlMmJmYjczMC1lY2FhLTExZTYtOGY4OC0zNDM2M2JjN2M0YzAiOnsiY3JlYXRlIjozMDAwMDAwMDAwMDAsImRlbGV0ZSI6MzAwMDAwMDAwMDAwLCJ1cGRhdGUiOjEyMDAwMDAwMDAwMH19",
          "dependencies": [
            "aws_internet_gateway.eks_igw",
            "aws_route_table.eks_route_table",
            "aws_subnet.eks_subnet",
            "aws_vpc.eks_vpc"
          ]
        }
      ]
    },
    {
      "mode": "managed",
      "type": "aws_security_group",
      "name": "eks_cluster_sg",
      "provider": "provider[\"registry.terraform.io/hashicorp/aws\"]",
      "instances": [
        {
          "schema_version": 1,
          "attributes": {
            "arn": "arn:aws:ec2:us-east-1:866934333672:security-group/sg-0bdeca275d11163c3",
            "description": "Managed by Terraform",
            "egress": [
              {
                "cidr_blocks": [
                  "0.0.0.0/0"
                ],
                "description": "",
                "from_port": 0,
                "ipv6_cidr_blocks": [],
                "prefix_list_ids": [],
                "protocol": "-1",
                "security_groups": [],
                "self": false,
                "to_port": 0
              }
            ],
            "id": "sg-0bdeca275d11163c3",
            "ingress": [],
            "name": "terraform-20250618124436916600000005",
            "name_prefix": "terraform-",
            "owner_id": "866934333672",
            "revoke_rules_on_delete": false,
            "tags": {
              "Name": "exam-cluster-sg"
            },
            "tags_all": {
              "Name": "exam-cluster-sg"
            },
            "timeouts": null,
            "vpc_id": "vpc-093f69f478d30cd0b"
          },
          "sensitive_attributes": [],
          "private": "eyJlMmJmYjczMC1lY2FhLTExZTYtOGY4OC0zNDM2M2JjN2M0YzAiOnsiY3JlYXRlIjo2MDAwMDAwMDAwMDAsImRlbGV0ZSI6OTAwMDAwMDAwMDAwfSwic2NoZW1hX3ZlcnNpb24iOiIxIn0=",
          "dependencies": [
            "aws_vpc.eks_vpc"
          ]
        }
      ]
    },
    {
      "mode": "managed",
      "type": "aws_security_group",
      "name": "eks_node_sg",
      "provider": "provider[\"registry.terraform.io/hashicorp/aws\"]",
      "instances": [
        {
          "schema_version": 1,
          "attributes": {
            "arn": "arn:aws:ec2:us-east-1:866934333672:security-group/sg-05dba5c4a9a5e62fd",
            "description": "Managed by Terraform",
            "egress": [
              {
                "cidr_blocks": [
                  "0.0.0.0/0"
                ],
                "description": "",
                "from_port": 0,
                "ipv6_cidr_blocks": [],
                "prefix_list_ids": [],
                "protocol": "-1",
                "security_groups": [],
                "self": false,
                "to_port": 0
              }
            ],
            "id": "sg-05dba5c4a9a5e62fd",
            "ingress": [
              {
                "cidr_blocks": [
                  "0.0.0.0/0"
                ],
                "description": "",
                "from_port": 0,
                "ipv6_cidr_blocks": [],
                "prefix_list_ids": [],
                "protocol": "-1",
                "security_groups": [],
                "self": false,
                "to_port": 0
              }
            ],
            "name": "terraform-20250618124436916600000006",
            "name_prefix": "terraform-",
            "owner_id": "866934333672",
            "revoke_rules_on_delete": false,
            "tags": {
              "Name": "exam-node-sg"
            },
            "tags_all": {
              "Name": "exam-node-sg"
            },
            "timeouts": null,
            "vpc_id": "vpc-093f69f478d30cd0b"
          },
          "sensitive_attributes": [],
          "private": "eyJlMmJmYjczMC1lY2FhLTExZTYtOGY4OC0zNDM2M2JjN2M0YzAiOnsiY3JlYXRlIjo2MDAwMDAwMDAwMDAsImRlbGV0ZSI6OTAwMDAwMDAwMDAwfSwic2NoZW1hX3ZlcnNpb24iOiIxIn0=",
          "dependencies": [
            "aws_vpc.eks_vpc"
          ]
        }
      ]
    },
    {
      "mode": "managed",
      "type": "aws_subnet",
      "name": "eks_subnet",
      "provider": "provider[\"registry.terraform.io/hashicorp/aws\"]",
      "instances": [
        {
          "index_key": 0,
          "schema_version": 1,
          "attributes": {
            "arn": "arn:aws:ec2:us-east-1:866934333672:subnet/subnet-0d218c7453a0b4ed5",
            "assign_ipv6_address_on_creation": false,
            "availability_zone": "us-east-1a",
            "availability_zone_id": "use1-az6",
            "cidr_block": "10.0.0.0/24",
            "customer_owned_ipv4_pool": "",
            "enable_dns64": false,
            "enable_lni_at_device_index": 0,
            "enable_resource_name_dns_a_record_on_launch": false,
            "enable_resource_name_dns_aaaa_record_on_launch": false,
            "id": "subnet-0d218c7453a0b4ed5",
            "ipv6_cidr_block": "",
            "ipv6_cidr_block_association_id": "",
            "ipv6_native": false,
            "map_customer_owned_ip_on_launch": false,
            "map_public_ip_on_launch": true,
            "outpost_arn": "",
            "owner_id": "866934333672",
            "private_dns_hostname_type_on_launch": "ip-name",
            "tags": {
              "Name": "exam-subnet-0"
            },
            "tags_all": {
              "Name": "exam-subnet-0"
            },
            "timeouts": null,
            "vpc_id": "vpc-093f69f478d30cd0b"
          },
          "sensitive_attributes": [],
          "private": "eyJlMmJmYjczMC1lY2FhLTExZTYtOGY4OC0zNDM2M2JjN2M0YzAiOnsiY3JlYXRlIjo2MDAwMDAwMDAwMDAsImRlbGV0ZSI6MTIwMDAwMDAwMDAwMH0sInNjaGVtYV92ZXJzaW9uIjoiMSJ9",
          "dependencies": [
            "aws_vpc.eks_vpc"
          ]
        },
        {
          "index_key": 1,
          "schema_version": 1,
          "attributes": {
            "arn": "arn:aws:ec2:us-east-1:866934333672:subnet/subnet-07b4da8558caddde7",
            "assign_ipv6_address_on_creation": false,
            "availability_zone": "us-east-1b",
            "availability_zone_id": "use1-az1",
            "cidr_block": "10.0.1.0/24",
            "customer_owned_ipv4_pool": "",
            "enable_dns64": false,
            "enable_lni_at_device_index": 0,
            "enable_resource_name_dns_a_record_on_launch": false,
            "enable_resource_name_dns_aaaa_record_on_launch": false,
            "id": "subnet-07b4da8558caddde7",
            "ipv6_cidr_block": "",
            "ipv6_cidr_block_association_id": "",
            "ipv6_native": false,
            "map_customer_owned_ip_on_launch": false,
            "map_public_ip_on_launch": true,
            "outpost_arn": "",
            "owner_id": "866934333672",
            "private_dns_hostname_type_on_launch": "ip-name",
            "tags": {
              "Name": "exam-subnet-1"
            },
            "tags_all": {
              "Name": "exam-subnet-1"
            },
            "timeouts": null,
            "vpc_id": "vpc-093f69f478d30cd0b"
          },
          "sensitive_attributes": [],
          "private": "eyJlMmJmYjczMC1lY2FhLTExZTYtOGY4OC0zNDM2M2JjN2M0YzAiOnsiY3JlYXRlIjo2MDAwMDAwMDAwMDAsImRlbGV0ZSI6MTIwMDAwMDAwMDAwMH0sInNjaGVtYV92ZXJzaW9uIjoiMSJ9",
          "dependencies": [
            "aws_vpc.eks_vpc"
          ]
        }
      ]
    },
    {
      "mode": "managed",
      "type": "aws_vpc",
      "name": "eks_vpc",
      "provider": "provider[\"registry.terraform.io/hashicorp/aws\"]",
      "instances": [
        {
          "schema_version": 1,
          "attributes": {
            "arn": "arn:aws:ec2:us-east-1:866934333672:vpc/vpc-093f69f478d30cd0b",
            "assign_generated_ipv6_cidr_block": false,
            "cidr_block": "10.0.0.0/16",
            "default_network_acl_id": "acl-0539043ce8dcae932",
            "default_route_table_id": "rtb-0309ada70054e4a95",
            "default_security_group_id": "sg-0fe28a940ea7657b3",
            "dhcp_options_id": "dopt-01847259dc9a6dec5",
            "enable_dns_hostnames": false,
            "enable_dns_support": true,
            "enable_network_address_usage_metrics": false,
            "id": "vpc-093f69f478d30cd0b",
            "instance_tenancy": "default",
            "ipv4_ipam_pool_id": null,
            "ipv4_netmask_length": null,
            "ipv6_association_id": "",
            "ipv6_cidr_block": "",
            "ipv6_cidr_block_network_border_group": "",
            "ipv6_ipam_pool_id": "",
            "ipv6_netmask_length": 0,
            "main_route_table_id": "rtb-0309ada70054e4a95",
            "owner_id": "866934333672",
            "tags": {
              "Name": "exam-vpc"
            },
            "tags_all": {
              "Name": "exam-vpc"
            }
          },
          "sensitive_attributes": [],
          "private": "eyJzY2hlbWFfdmVyc2lvbiI6IjEifQ=="
        }
      ]
    }
  ],
  "check_results": null
}
